
Microsoft Visual Studio Solution File, Format Version 12.00
# Visual Studio 2012
Project("{FAE04EC0-301F-11D3-BF4B-00C04F79EFBC}") = "SilverlightApplication1", "SilverlightApplication1\SilverlightApplication1.csproj", "{6C9D811E-D252-482C-8321-E9E077FECD3B}"
	ProjectSection(ProjectDependencies) = postProject
		{B278EAF0-180F-4F1D-9066-9FFCF6331000} = {B278EAF0-180F-4F1D-9066-9FFCF6331000}
	EndProjectSection
EndProject
Project("{FAE04EC0-301F-11D3-BF4B-00C04F79EFBC}") = "SilverlightApplication1.Web", "SilverlightApplication1.Web\SilverlightApplication1.Web.csproj", "{B278EAF0-180F-4F1D-9066-9FFCF6331000}"
EndProject
Global
	GlobalSection(SolutionConfigurationPlatforms) = preSolution
		Debug|Any CPU = Debug|Any CPU
		Release|Any CPU = Release|Any CPU
	EndGlobalSection
	GlobalSection(ProjectConfigurationPlatforms) = postSolution
		{6C9D811E-D252-482C-8321-E9E077FECD3B}.Debug|Any CPU.ActiveCfg = Debug|Any CPU
		{6C9D811E-D252-482C-8321-E9E077FECD3B}.Debug|Any CPU.Build.0 = Debug|Any CPU
		{6C9D811E-D252-482C-8321-E9E077FECD3B}.Release|Any CPU.ActiveCfg = Release|Any CPU
		{6C9D811E-D252-482C-8321-E9E077FECD3B}.Release|Any CPU.Build.0 = Release|Any CPU
		{B278EAF0-180F-4F1D-9066-9FFCF6331000}.Debug|Any CPU.ActiveCfg = Debug|Any CPU
		{B278EAF0-180F-4F1D-9066-9FFCF6331000}.Debug|Any CPU.Build.0 = Debug|Any CPU
		{B278EAF0-180F-4F1D-9066-9FFCF6331000}.Release|Any CPU.ActiveCfg = Release|Any CPU
		{B278EAF0-180F-4F1D-9066-9FFCF6331000}.Release|Any CPU.Build.0 = Release|Any CPU
	EndGlobalSection
	GlobalSection(SolutionProperties) = preSolution
		HideSolutionNode = FALSE
	EndGlobalSection
EndGlobal
